# THIS IS AN AUTOGENERATED FILE. DO NOT EDIT THIS FILE DIRECTLY.
# yarn lockfile v1

chrome-aws-lambda@^10.1.0:
  version "10.1.0"
  resolved "https://registry.yarnpkg.com/chrome-aws-lambda/-/chrome-aws-lambda-10.1.0.tgz#1f7c5f4b2ecb56faefcd7892737b5725f46429cf"
  integrity sha512-K0n1k3CXJNPf5goyAbGrx/SeVnZjf7VYoHz52g6P3+zSOkzHMEQy74ulnWUZf3z0sx8rqukqEjhW1EaJxOeX+Q==
  dependencies:
    lambdafs "^2.1.1"

express@^4.18.2:
  version "4.18.2"
  resolved "https://registry.yarnpkg.com/express/-/express-4.18.2.tgz#8f6e9f1188edc1a1db1cba21f07f05be9438285c"
  integrity sha512-5/PYjj8URw7OQYRXz3B2/xhx4CC1y3SSVw8Y9VjH0QWm9wTRBlxsGQ+H1jp3Ua2V5ih9qjKaPbcWAszCz2qYZw==
  dependencies:
    accepts "~1.3.8"
    body-parser "1.20.1"
    content-disposition "0.5.4"
    content-type "~1.0.4"
    cookie "0.5.0"
    cookie-signature "1.0.6"
    debug "2.6.9"
    depd "~2.0.0"
    encodeurl "~1.0.2"
    escape-html "~1.0.3"
    etag "~1.8.1"
    finalhandler "1.2.0"
    fresh "0.5.2"
    http-errors "2.0.0"
    merge-descriptors "1.0.1"
    methods "~1.1.2"
    on-finished "2.4.1"
    parseurl "~1.3.3"
    path-to-regexp "0.1.7"
    proxy-addr "~2.0.7"
    qs "6.11.0"
    range-parser "~1.2.1"
    safe-buffer "5.2.1"
    send "0.18.0"
    serve-static "1.15.0"
    setprototypeof "1.2.0"
    statuses "2.0.1"
    type-is "~1.6.18"
    utils-merge "1.0.1"
    vary "~1.1.2"

lambdafs@^2.1.1:
  version "2.1.1"
  resolved "https://registry.yarnpkg.com/lambdafs/-/lambdafs-2.1.1.tgz#f27eea7d5a276e186dd054e8e2e3b3db70280fb2"
  integrity sha512-PRbKy4LczwO1MfBdb8Jv7Fy5sQIGq+7jKnsFG+GZ0gCFHb4qAwPc3PQAZwlJFXAqrCwLkKvbkQtKv8cIpuWGNQ==

puppeteer-core@^22.15.0:
  version "22.15.0"
  resolved "https://registry.yarnpkg.com/puppeteer-core/-/puppeteer-core-22.15.0.tgz#fb4eec52acb2629eb8da1241d7a70fc789fb772f"
  integrity sha512-Mz5efJQo+wnFV7LxKXcCjL5jriT0LFPpAsS+I5e0aPrEj1HZnBuxqM7CypPLNNSIv9P1Tk2iHRaO5bQY7tBQWg==
  dependencies:
    "@puppeteer/browsers" "1.4.6"
    chromium-bidi "0.4.32"
    debug "4.3.4"
    devtools-protocol "0.0.1303670"
    ws "8.13.0"

ws@8.13.0:
  version "8.13.0"
  resolved "https://registry.yarnpkg.com/ws/-/ws-8.13.0.tgz#bdb246f9e18f08a6e8a4e7a8de1533aa0135f994"
  integrity sha512-xpI1dJg7pDdFbiE7dnZBd1dZXO+9Y6y0XWSsWQ7vKAsyfXBZHXWGLTwByC7RnEkeTZXw8lAd9c8nbdFXiA1IBg==
