# THIS IS AN AUTOGENERATED FILE. DO NOT EDIT THIS FILE DIRECTLY.
# yarn lockfile v1

express@^4.18.2:
  version "4.18.2"
  resolved "https://registry.yarnpkg.com/express/-/express-4.18.2.tgz"
  integrity sha512-5/PsL6gZ6r+jCwxtqzrDvfHc9Np7cw7QzCqR9wM3zFh3Vof3hM9+9ryC7hQMW7cCWxvdyVu6y09xGz0Cjh9f6g==
  dependencies:
    accepts "~1.3.8"
    body-parser "1.20.1"
    content-disposition "0.5.4"
    cookie "0.5.0"
    debug "2.6.9"
    finalhandler "1.2.0"
    http-errors "2.0.0"
    qs "6.11.0"
    send "0.18.0"

puppeteer-core@^22.15.0:
  version "22.15.0"
  resolved "https://registry.yarnpkg.com/puppeteer-core/-/puppeteer-core-22.15.0.tgz"
  integrity sha512-D7eAGDyx4SGR6hxgBq0pnCL5JjN3JZAm64BLj+FAZc0B6Z7QfyZf+9AzgMJwIfwTw4gLwGg+JH9x4k2kgR3jOg==
  dependencies:
    chromium-bidi "0.5.11"
    debug "4.3.4"
    ws "8.13.0"

chrome-aws-lambda@^10.1.0:
  version "10.1.0"
  resolved "https://registry.yarnpkg.com/chrome-aws-lambda/-/chrome-aws-lambda-10.1.0.tgz"
  integrity sha512-39yrXh2CmOONjTv5jH0Nwl0Ssiq8w+KwcFPdmR0hf4raEAvFjXuFzt7jUQ0EJ2mbAiWEIrhci7sYKh4aTchp7g==
